// !$*UTF8*$!
{
	archiveVersion = 1;
	classes = {
	};
	objectVersion = 55;
	objects = {

/* Begin PBXBuildFile section */
		395B8AC828CFC3DA00970E9F /* OnBoardingController.swift in Sources */ = {isa = PBXBuildFile; fileRef = 395B8AC728CFC3DA00970E9F /* OnBoardingController.swift */; };
		395B8ACA28CFC8CB00970E9F /* OnBoardingSlide.swift in Sources */ = {isa = PBXBuildFile; fileRef = 395B8AC928CFC8CB00970E9F /* OnBoardingSlide.swift */; };
		395B8ACD28CFCF3900970E9F /* Kingfisher in Frameworks */ = {isa = PBXBuildFile; productRef = 395B8ACC28CFCF3900970E9F /* Kingfisher */; };
		395B8ACF28CFD23400970E9F /* OnBoardingCollectionCell.swift in Sources */ = {isa = PBXBuildFile; fileRef = 395B8ACE28CFD23400970E9F /* OnBoardingCollectionCell.swift */; };
		397B259928CFBA2C00CF4595 /* AppDelegate.swift in Sources */ = {isa = PBXBuildFile; fileRef = 397B259828CFBA2C00CF4595 /* AppDelegate.swift */; };
		397B259B28CFBA2C00CF4595 /* SceneDelegate.swift in Sources */ = {isa = PBXBuildFile; fileRef = 397B259A28CFBA2C00CF4595 /* SceneDelegate.swift */; };
		397B259D28CFBA2C00CF4595 /* ViewController.swift in Sources */ = {isa = PBXBuildFile; fileRef = 397B259C28CFBA2C00CF4595 /* ViewController.swift */; };
		397B25A028CFBA2C00CF4595 /* Main.storyboard in Resources */ = {isa = PBXBuildFile; fileRef = 397B259E28CFBA2C00CF4595 /* Main.storyboard */; };
		397B25A228CFBA2F00CF4595 /* Assets.xcassets in Resources */ = {isa = PBXBuildFile; fileRef = 397B25A128CFBA2F00CF4595 /* Assets.xcassets */; };
		397B25A528CFBA2F00CF4595 /* LaunchScreen.storyboard in Resources */ = {isa = PBXBuildFile; fileRef = 397B25A328CFBA2F00CF4595 /* LaunchScreen.storyboard */; };
/* End PBXBuildFile section */

/* Begin PBXFileReference section */
		395B8AC728CFC3DA00970E9F /* OnBoardingController.swift */ = {isa = PBXFileReference; lastKnownFileType = sourcecode.swift; path = OnBoardingController.swift; sourceTree = "<group>"; };
		395B8AC928CFC8CB00970E9F /* OnBoardingSlide.swift */ = {isa = PBXFileReference; lastKnownFileType = sourcecode.swift; path = OnBoardingSlide.swift; sourceTree = "<group>"; };
		395B8ACE28CFD23400970E9F /* OnBoardingCollectionCell.swift */ = {isa = PBXFileReference; lastKnownFileType = sourcecode.swift; path = OnBoardingCollectionCell.swift; sourceTree = "<group>"; };
		397B259528CFBA2C00CF4595 /* Yummie.app */ = {isa = PBXFileReference; explicitFileType = wrapper.application; includeInIndex = 0; path = Yummie.app; sourceTree = BUILT_PRODUCTS_DIR; };
		397B259828CFBA2C00CF4595 /* AppDelegate.swift */ = {isa = PBXFileReference; lastKnownFileType = sourcecode.swift; path = AppDelegate.swift; sourceTree = "<group>"; };
		397B259A28CFBA2C00CF4595 /* SceneDelegate.swift */ = {isa = PBXFileReference; lastKnownFileType = sourcecode.swift; path = SceneDelegate.swift; sourceTree = "<group>"; };
		397B259C28CFBA2C00CF4595 /* ViewController.swift */ = {isa = PBXFileReference; lastKnownFileType = sourcecode.swift; path = ViewController.swift; sourceTree = "<group>"; };
		397B259F28CFBA2C00CF4595 /* Base */ = {isa = PBXFileReference; lastKnownFileType = file.storyboard; name = Base; path = Base.lproj/Main.storyboard; sourceTree = "<group>"; };
		397B25A128CFBA2F00CF4595 /* Assets.xcassets */ = {isa = PBXFileReference; lastKnownFileType = folder.assetcatalog; path = Assets.xcassets; sourceTree = "<group>"; };
		397B25A428CFBA2F00CF4595 /* Base */ = {isa = PBXFileReference; lastKnownFileType = file.storyboard; name = Base; path = Base.lproj/LaunchScreen.storyboard; sourceTree = "<group>"; };
		397B25A628CFBA2F00CF4595 /* Info.plist */ = {isa = PBXFileReference; lastKnownFileType = text.plist.xml; path = Info.plist; sourceTree = "<group>"; };
/* End PBXFileReference section */

/* Begin PBXFrameworksBuildPhase section */
		397B259228CFBA2C00CF4595 /* Frameworks */ = {
			isa = PBXFrameworksBuildPhase;
			buildActionMask = 2147483647;
			files = (
				395B8ACD28CFCF3900970E9F /* Kingfisher in Frameworks */,
			);
			runOnlyForDeploymentPostprocessing = 0;
		};
/* End PBXFrameworksBuildPhase section */

/* Begin PBXGroup section */
		395B8AC628CFC3A000970E9F /* OnBoardingController */ = {
			isa = PBXGroup;
			children = (
				395B8AC728CFC3DA00970E9F /* OnBoardingController.swift */,
				395B8ACE28CFD23400970E9F /* OnBoardingCollectionCell.swift */,
			);
			path = OnBoardingController;
			sourceTree = "<group>";
		};
		397B258C28CFBA2B00CF4595 = {
			isa = PBXGroup;
			children = (
				397B259728CFBA2C00CF4595 /* Yummie */,
				397B259628CFBA2C00CF4595 /* Products */,
			);
			sourceTree = "<group>";
		};
		397B259628CFBA2C00CF4595 /* Products */ = {
			isa = PBXGroup;
			children = (
				397B259528CFBA2C00CF4595 /* Yummie.app */,
			);
			name = Products;
			sourceTree = "<group>";
		};
		397B259728CFBA2C00CF4595 /* Yummie */ = {
			isa = PBXGroup;
			children = (
				397B25AE28CFBA8300CF4595 /* Controllers */,
				397B25AD28CFBA7A00CF4595 /* Views */,
				397B25AC28CFBA7300CF4595 /* Models */,
				397B259828CFBA2C00CF4595 /* AppDelegate.swift */,
				397B259A28CFBA2C00CF4595 /* SceneDelegate.swift */,
				397B259C28CFBA2C00CF4595 /* ViewController.swift */,
				397B259E28CFBA2C00CF4595 /* Main.storyboard */,
				397B25A128CFBA2F00CF4595 /* Assets.xcassets */,
				397B25A328CFBA2F00CF4595 /* LaunchScreen.storyboard */,
				397B25A628CFBA2F00CF4595 /* Info.plist */,
			);
			path = Yummie;
			sourceTree = "<group>";
		};
		397B25AC28CFBA7300CF4595 /* Models */ = {
			isa = PBXGroup;
			children = (
				395B8AC928CFC8CB00970E9F /* OnBoardingSlide.swift */,
			);
			path = Models;
			sourceTree = "<group>";
		};
		397B25AD28CFBA7A00CF4595 /* Views */ = {
			isa = PBXGroup;
			children = (
			);
			path = Views;
			sourceTree = "<group>";
		};
		397B25AE28CFBA8300CF4595 /* Controllers */ = {
			isa = PBXGroup;
			children = (
				395B8AC628CFC3A000970E9F /* OnBoardingController */,
			);
			path = Controllers;
			sourceTree = "<group>";
		};
/* End PBXGroup section */

/* Begin PBXNativeTarget section */
		397B259428CFBA2C00CF4595 /* Yummie */ = {
			isa = PBXNativeTarget;
			buildConfigurationList = 397B25A928CFBA2F00CF4595 /* Build configuration list for PBXNativeTarget "Yummie" */;
			buildPhases = (
				397B259128CFBA2C00CF4595 /* Sources */,
				397B259228CFBA2C00CF4595 /* Frameworks */,
				397B259328CFBA2C00CF4595 /* Resources */,
			);
			buildRules = (
			);
			dependencies = (
			);
			name = Yummie;
			packageProductDependencies = (
				395B8ACC28CFCF3900970E9F /* Kingfisher */,
			);
			productName = Yummie;
			productReference = 397B259528CFBA2C00CF4595 /* Yummie.app */;
			productType = "com.apple.product-type.application";
		};
/* End PBXNativeTarget section */

/* Begin PBXProject section */
		397B258D28CFBA2B00CF4595 /* Project object */ = {
			isa = PBXProject;
			attributes = {
				BuildIndependentTargetsInParallel = 1;
				LastSwiftUpdateCheck = 1320;
				LastUpgradeCheck = 1320;
				TargetAttributes = {
					397B259428CFBA2C00CF4595 = {
						CreatedOnToolsVersion = 13.2.1;
					};
				};
			};
			buildConfigurationList = 397B259028CFBA2B00CF4595 /* Build configuration list for PBXProject "Yummie" */;
			compatibilityVersion = "Xcode 13.0";
			developmentRegion = en;
			hasScannedForEncodings = 0;
			knownRegions = (
				en,
				Base,
			);
			mainGroup = 397B258C28CFBA2B00CF4595;
			packageReferences = (
				395B8ACB28CFCF3900970E9F /* XCRemoteSwiftPackageReference "Kingfisher" */,
			);
			productRefGroup = 397B259628CFBA2C00CF4595 /* Products */;
			projectDirPath = "";
			projectRoot = "";
			targets = (
				397B259428CFBA2C00CF4595 /* Yummie */,
			);
		};
/* End PBXProject section */

/* Begin PBXResourcesBuildPhase section */
		397B259328CFBA2C00CF4595 /* Resources */ = {
			isa = PBXResourcesBuildPhase;
			buildActionMask = 2147483647;
			files = (
				397B25A528CFBA2F00CF4595 /* LaunchScreen.storyboard in Resources */,
				397B25A228CFBA2F00CF4595 /* Assets.xcassets in Resources */,
				397B25A028CFBA2C00CF4595 /* Main.storyboard in Resources */,
			);
			runOnlyForDeploymentPostprocessing = 0;
		};
/* End PBXResourcesBuildPhase section */

/* Begin PBXSourcesBuildPhase section */
		397B259128CFBA2C00CF4595 /* Sources */ = {
			isa = PBXSourcesBuildPhase;
			buildActionMask = 2147483647;
			files = (
				395B8AC828CFC3DA00970E9F /* OnBoardingController.swift in Sources */,
				397B259D28CFBA2C00CF4595 /* ViewController.swift in Sources */,
				397B259928CFBA2C00CF4595 /* AppDelegate.swift in Sources */,
				397B259B28CFBA2C00CF4595 /* SceneDelegate.swift in Sources */,
				395B8ACF28CFD23400970E9F /* OnBoardingCollectionCell.swift in Sources */,
				395B8ACA28CFC8CB00970E9F /* OnBoardingSlide.swift in Sources */,
			);
			runOnlyForDeploymentPostprocessing = 0;
		};
/* End PBXSourcesBuildPhase section */

/* Begin PBXVariantGroup section */
		397B259E28CFBA2C00CF4595 /* Main.storyboard */ = {
			isa = PBXVariantGroup;
			children = (
				397B259F28CFBA2C00CF4595 /* Base */,
			);
			name = Main.storyboard;
			sourceTree = "<group>";
		};
		397B25A328CFBA2F00CF4595 /* LaunchScreen.storyboard */ = {
			isa = PBXVariantGroup;
			children = (
				397B25A428CFBA2F00CF4595 /* Base */,
			);
			name = LaunchScreen.storyboard;
			sourceTree = "<group>";
		};
/* End PBXVariantGroup section */

/* Begin XCBuildConfiguration section */
		397B25A728CFBA2F00CF4595 /* Debug */ = {
			isa = XCBuildConfiguration;
			buildSettings = {
				ALWAYS_SEARCH_USER_PATHS = NO;
				CLANG_ANALYZER_NONNULL = YES;
				CLANG_ANALYZER_NUMBER_OBJECT_CONVERSION = YES_AGGRESSIVE;
				CLANG_CXX_LANGUAGE_STANDARD = "gnu++17";
				CLANG_CXX_LIBRARY = "libc++";
				CLANG_ENABLE_MODULES = YES;
				CLANG_ENABLE_OBJC_ARC = YES;
				CLANG_ENABLE_OBJC_WEAK = YES;
				CLANG_WARN_BLOCK_CAPTURE_AUTORELEASING = YES;
				CLANG_WARN_BOOL_CONVERSION = YES;
				CLANG_WARN_COMMA = YES;
				CLANG_WARN_CONSTANT_CONVERSION = YES;
				CLANG_WARN_DEPRECATED_OBJC_IMPLEMENTATIONS = YES;
				CLANG_WARN_DIRECT_OBJC_ISA_USAGE = YES_ERROR;
				CLANG_WARN_DOCUMENTATION_COMMENTS = YES;
				CLANG_WARN_EMPTY_BODY = YES;
				CLANG_WARN_ENUM_CONVERSION = YES;
				CLANG_WARN_INFINITE_RECURSION = YES;
				CLANG_WARN_INT_CONVERSION = YES;
				CLANG_WARN_NON_LITERAL_NULL_CONVERSION = YES;
				CLANG_WARN_OBJC_IMPLICIT_RETAIN_SELF = YES;
				CLANG_WARN_OBJC_LITERAL_CONVERSION = YES;
				CLANG_WARN_OBJC_ROOT_CLASS = YES_ERROR;
				CLANG_WARN_QUOTED_INCLUDE_IN_FRAMEWORK_HEADER = YES;
				CLANG_WARN_RANGE_LOOP_ANALYSIS = YES;
				CLANG_WARN_STRICT_PROTOTYPES = YES;
				CLANG_WARN_SUSPICIOUS_MOVE = YES;
				CLANG_WARN_UNGUARDED_AVAILABILITY = YES_AGGRESSIVE;
				CLANG_WARN_UNREACHABLE_CODE = YES;
				CLANG_WARN__DUPLICATE_METHOD_MATCH = YES;
				COPY_PHASE_STRIP = NO;
				DEBUG_INFORMATION_FORMAT = dwarf;
				ENABLE_STRICT_OBJC_MSGSEND = YES;
				ENABLE_TESTABILITY = YES;
				GCC_C_LANGUAGE_STANDARD = gnu11;
				GCC_DYNAMIC_NO_PIC = NO;
				GCC_NO_COMMON_BLOCKS = YES;
				GCC_OPTIMIZATION_LEVEL = 0;
				GCC_PREPROCESSOR_DEFINITIONS = (
					"DEBUG=1",
					"$(inherited)",
				);
				GCC_WARN_64_TO_32_BIT_CONVERSION = YES;
				GCC_WARN_ABOUT_RETURN_TYPE = YES_ERROR;
				GCC_WARN_UNDECLARED_SELECTOR = YES;
				GCC_WARN_UNINITIALIZED_AUTOS = YES_AGGRESSIVE;
				GCC_WARN_UNUSED_FUNCTION = YES;
				GCC_WARN_UNUSED_VARIABLE = YES;
				IPHONEOS_DEPLOYMENT_TARGET = 15.2;
				MTL_ENABLE_DEBUG_INFO = INCLUDE_SOURCE;
				MTL_FAST_MATH = YES;
				ONLY_ACTIVE_ARCH = YES;
				SDKROOT = iphoneos;
				SWIFT_ACTIVE_COMPILATION_CONDITIONS = DEBUG;
				SWIFT_OPTIMIZATION_LEVEL = "-Onone";
			};
			name = Debug;
		};
		397B25A828CFBA2F00CF4595 /* Release */ = {
			isa = XCBuildConfiguration;
			buildSettings = {
				ALWAYS_SEARCH_USER_PATHS = NO;
				CLANG_ANALYZER_NONNULL = YES;
				CLANG_ANALYZER_NUMBER_OBJECT_CONVERSION = YES_AGGRESSIVE;
				CLANG_CXX_LANGUAGE_STANDARD = "gnu++17";
				CLANG_CXX_LIBRARY = "libc++";
				CLANG_ENABLE_MODULES = YES;
				CLANG_ENABLE_OBJC_ARC = YES;
				CLANG_ENABLE_OBJC_WEAK = YES;
				CLANG_WARN_BLOCK_CAPTURE_AUTORELEASING = YES;
				CLANG_WARN_BOOL_CONVERSION = YES;
				CLANG_WARN_COMMA = YES;
				CLANG_WARN_CONSTANT_CONVERSION = YES;
				CLANG_WARN_DEPRECATED_OBJC_IMPLEMENTATIONS = YES;
				CLANG_WARN_DIRECT_OBJC_ISA_USAGE = YES_ERROR;
				CLANG_WARN_DOCUMENTATION_COMMENTS = YES;
				CLANG_WARN_EMPTY_BODY = YES;
				CLANG_WARN_ENUM_CONVERSION = YES;
				CLANG_WARN_INFINITE_RECURSION = YES;
				CLANG_WARN_INT_CONVERSION = YES;
				CLANG_WARN_NON_LITERAL_NULL_CONVERSION = YES;
				CLANG_WARN_OBJC_IMPLICIT_RETAIN_SELF = YES;
				CLANG_WARN_OBJC_LITERAL_CONVERSION = YES;
				CLANG_WARN_OBJC_ROOT_CLASS = YES_ERROR;
				CLANG_WARN_QUOTED_INCLUDE_IN_FRAMEWORK_HEADER = YES;
				CLANG_WARN_RANGE_LOOP_ANALYSIS = YES;
				CLANG_WARN_STRICT_PROTOTYPES = YES;
				CLANG_WARN_SUSPICIOUS_MOVE = YES;
				CLANG_WARN_UNGUARDED_AVAILABILITY = YES_AGGRESSIVE;
				CLANG_WARN_UNREACHABLE_CODE = YES;
				CLANG_WARN__DUPLICATE_METHOD_MATCH = YES;
				COPY_PHASE_STRIP = NO;
				DEBUG_INFORMATION_FORMAT = "dwarf-with-dsym";
				ENABLE_NS_ASSERTIONS = NO;
				ENABLE_STRICT_OBJC_MSGSEND = YES;
				GCC_C_LANGUAGE_STANDARD = gnu11;
				GCC_NO_COMMON_BLOCKS = YES;
				GCC_WARN_64_TO_32_BIT_CONVERSION = YES;
				GCC_WARN_ABOUT_RETURN_TYPE = YES_ERROR;
				GCC_WARN_UNDECLARED_SELECTOR = YES;
				GCC_WARN_UNINITIALIZED_AUTOS = YES_AGGRESSIVE;
				GCC_WARN_UNUSED_FUNCTION = YES;
				GCC_WARN_UNUSED_VARIABLE = YES;
				IPHONEOS_DEPLOYMENT_TARGET = 15.2;
				MTL_ENABLE_DEBUG_INFO = NO;
				MTL_FAST_MATH = YES;
				SDKROOT = iphoneos;
				SWIFT_COMPILATION_MODE = wholemodule;
				SWIFT_OPTIMIZATION_LEVEL = "-O";
				VALIDATE_PRODUCT = YES;
			};
			name = Release;
		};
		397B25AA28CFBA2F00CF4595 /* Debug */ = {
			isa = XCBuildConfiguration;
			buildSettings = {
				ASSETCATALOG_COMPILER_APPICON_NAME = AppIcon;
				ASSETCATALOG_COMPILER_GLOBAL_ACCENT_COLOR_NAME = AccentColor;
				CODE_SIGN_STYLE = Automatic;
				CURRENT_PROJECT_VERSION = 1;
				GENERATE_INFOPLIST_FILE = YES;
				INFOPLIST_FILE = Yummie/Info.plist;
				INFOPLIST_KEY_UIApplicationSupportsIndirectInputEvents = YES;
				INFOPLIST_KEY_UILaunchStoryboardName = LaunchScreen;
				INFOPLIST_KEY_UIMainStoryboardFile = Main;
				INFOPLIST_KEY_UISupportedInterfaceOrientations_iPad = "UIInterfaceOrientationPortrait UIInterfaceOrientationPortraitUpsideDown UIInterfaceOrientationLandscapeLeft UIInterfaceOrientationLandscapeRight";
				INFOPLIST_KEY_UISupportedInterfaceOrientations_iPhone = "UIInterfaceOrientationPortrait UIInterfaceOrientationLandscapeLeft UIInterfaceOrientationLandscapeRight";
				LD_RUNPATH_SEARCH_PATHS = (
					"$(inherited)",
					"@executable_path/Frameworks",
				);
				MARKETING_VERSION = 1.0;
				PRODUCT_BUNDLE_IDENTIFIER = com.Yummie.Yummie;
				PRODUCT_NAME = "$(TARGET_NAME)";
				SWIFT_EMIT_LOC_STRINGS = YES;
				SWIFT_VERSION = 5.0;
				TARGETED_DEVICE_FAMILY = "1,2";
			};
			name = Debug;
		};
		397B25AB28CFBA2F00CF4595 /* Release */ = {
			isa = XCBuildConfiguration;
			buildSettings = {
				ASSETCATALOG_COMPILER_APPICON_NAME = AppIcon;
				ASSETCATALOG_COMPILER_GLOBAL_ACCENT_COLOR_NAME = AccentColor;
				CODE_SIGN_STYLE = Automatic;
				CURRENT_PROJECT_VERSION = 1;
				GENERATE_INFOPLIST_FILE = YES;
				INFOPLIST_FILE = Yummie/Info.plist;
				INFOPLIST_KEY_UIApplicationSupportsIndirectInputEvents = YES;
				INFOPLIST_KEY_UILaunchStoryboardName = LaunchScreen;
				INFOPLIST_KEY_UIMainStoryboardFile = Main;
				INFOPLIST_KEY_UISupportedInterfaceOrientations_iPad = "UIInterfaceOrientationPortrait UIInterfaceOrientationPortraitUpsideDown UIInterfaceOrientationLandscapeLeft UIInterfaceOrientationLandscapeRight";
				INFOPLIST_KEY_UISupportedInterfaceOrientations_iPhone = "UIInterfaceOrientationPortrait UIInterfaceOrientationLandscapeLeft UIInterfaceOrientationLandscapeRight";
				LD_RUNPATH_SEARCH_PATHS = (
					"$(inherited)",
					"@executable_path/Frameworks",
				);
				MARKETING_VERSION = 1.0;
				PRODUCT_BUNDLE_IDENTIFIER = com.Yummie.Yummie;
				PRODUCT_NAME = "$(TARGET_NAME)";
				SWIFT_EMIT_LOC_STRINGS = YES;
				SWIFT_VERSION = 5.0;
				TARGETED_DEVICE_FAMILY = "1,2";
			};
			name = Release;
		};
/* End XCBuildConfiguration section */

/* Begin XCConfigurationList section */
		397B259028CFBA2B00CF4595 /* Build configuration list for PBXProject "Yummie" */ = {
			isa = XCConfigurationList;
			buildConfigurations = (
				397B25A728CFBA2F00CF4595 /* Debug */,
				397B25A828CFBA2F00CF4595 /* Release */,
			);
			defaultConfigurationIsVisible = 0;
			defaultConfigurationName = Release;
		};
		397B25A928CFBA2F00CF4595 /* Build configuration list for PBXNativeTarget "Yummie" */ = {
			isa = XCConfigurationList;
			buildConfigurations = (
				397B25AA28CFBA2F00CF4595 /* Debug */,
				397B25AB28CFBA2F00CF4595 /* Release */,
			);
			defaultConfigurationIsVisible = 0;
			defaultConfigurationName = Release;
		};
/* End XCConfigurationList section */

/* Begin XCRemoteSwiftPackageReference section */
		395B8ACB28CFCF3900970E9F /* XCRemoteSwiftPackageReference "Kingfisher" */ = {
			isa = XCRemoteSwiftPackageReference;
			repositoryURL = "https://github.com/onevcat/Kingfisher.git";
			requirement = {
				kind = upToNextMajorVersion;
				minimumVersion = 7.0.0;
			};
		};
/* End XCRemoteSwiftPackageReference section */

/* Begin XCSwiftPackageProductDependency section */
		395B8ACC28CFCF3900970E9F /* Kingfisher */ = {
			isa = XCSwiftPackageProductDependency;
			package = 395B8ACB28CFCF3900970E9F /* XCRemoteSwiftPackageReference "Kingfisher" */;
			productName = Kingfisher;
		};
/* End XCSwiftPackageProductDependency section */
	};
	rootObject = 397B258D28CFBA2B00CF4595 /* Project object */;
}
